
Microsoft Visual Studio Solution File, Format Version 12.00
# Visual Studio 15
VisualStudioVersion = 15.0.27428.2011
MinimumVisualStudioVersion = 10.0.40219.1
Project("{FAE04EC0-301F-11D3-BF4B-00C04F79EFBC}") = "Countries", "Countries\Countries.csproj", "{86299F1C-C3BD-46CE-861C-79C706757625}"
EndProject
Global
	GlobalSection(SolutionConfigurationPlatforms) = preSolution
		Debug|Any CPU = Debug|Any CPU
		Release|Any CPU = Release|Any CPU
	EndGlobalSection
	GlobalSection(ProjectConfigurationPlatforms) = postSolution
		{86299F1C-C3BD-46CE-861C-79C706757625}.Debug|Any CPU.ActiveCfg = Debug|Any CPU
		{86299F1C-C3BD-46CE-861C-79C706757625}.Debug|Any CPU.Build.0 = Debug|Any CPU
		{86299F1C-C3BD-46CE-861C-79C706757625}.Release|Any CPU.ActiveCfg = Release|Any CPU
		{86299F1C-C3BD-46CE-861C-79C706757625}.Release|Any CPU.Build.0 = Release|Any CPU
	EndGlobalSection
	GlobalSection(SolutionProperties) = preSolution
		HideSolutionNode = FALSE
	EndGlobalSection
	GlobalSection(ExtensibilityGlobals) = postSolution
		SolutionGuid = {88E856AA-9634-47C0-853A-772FF22BCD5C}
	EndGlobalSection
EndGlobal
